
Microsoft Visual Studio Solution File, Format Version 12.00
# Visual Studio Version 16
VisualStudioVersion = 16.0.35229.62
MinimumVisualStudioVersion = 10.0.40219.1
Project("{FAE04EC0-301F-11D3-BF4B-00C04F79EFBC}") = "myProj", "myProj\myProj.csproj", "{81171AEB-C150-4B7F-AE9A-8A70254256AA}"
EndProject
Global
	GlobalSection(SolutionConfigurationPlatforms) = preSolution
		Debug|Any CPU = Debug|Any CPU
		Release|Any CPU = Release|Any CPU
	EndGlobalSection
	GlobalSection(ProjectConfigurationPlatforms) = postSolution
		{81171AEB-C150-4B7F-AE9A-8A70254256AA}.Debug|Any CPU.ActiveCfg = Debug|Any CPU
		{81171AEB-C150-4B7F-AE9A-8A70254256AA}.Debug|Any CPU.Build.0 = Debug|Any CPU
		{81171AEB-C150-4B7F-AE9A-8A70254256AA}.Release|Any CPU.ActiveCfg = Release|Any CPU
		{81171AEB-C150-4B7F-AE9A-8A70254256AA}.Release|Any CPU.Build.0 = Release|Any CPU
	EndGlobalSection
	GlobalSection(SolutionProperties) = preSolution
		HideSolutionNode = FALSE
	EndGlobalSection
	GlobalSection(ExtensibilityGlobals) = postSolution
		SolutionGuid = {D3245ABB-895A-4AF9-81CF-B9D71A73E3DB}
	EndGlobalSection
EndGlobal
